{
	"name": "darkcode-theme-adopted-python-and-markdown",
	"version": "4.4.1",
	"lockfileVersion": 3,
	"requires": true,
	"packages": {
		"": {
			"name": "darkcode-theme-adopted-python-and-markdown",
			"version": "4.4.1",
			"license": "Apache",
			"dependencies": {
				"invert-color": "^2.0.0"
			},
			"engines": {
				"vscode": "^1.35.0"
			}
		},
		"node_modules/invert-color": {
			"version": "2.0.0",
			"resolved": "https://registry.npmjs.org/invert-color/-/invert-color-2.0.0.tgz",
			"integrity": "sha512-9s6IATlhOAr0/0MPUpLdMpk81ixIu8IqwPwORssXBauFT/4ff/iyEOcojd0UYuPwkDbJvL1+blIZGhqVIaAm5Q=="
		}
	}
}
